
Microsoft Visual Studio Solution File, Format Version 12.00
# Visual Studio Version 16
VisualStudioVersion = 16.0.29001.49
MinimumVisualStudioVersion = 10.0.40219.1
Project("{FAE04EC0-301F-11D3-BF4B-00C04F79EFBC}") = "DataLayer", "DataLayer\DataLayer.csproj", "{ED1D882F-ECF9-48A5-850B-37807F08302F}"
EndProject
Project("{FAE04EC0-301F-11D3-BF4B-00C04F79EFBC}") = "BusinessLayer", "BusinessLayer\BusinessLayer.csproj", "{388DE351-4813-4020-B7B0-3E39ADF5B47D}"
EndProject
Project("{FAE04EC0-301F-11D3-BF4B-00C04F79EFBC}") = "ViewLayer", "ViewLayer\ViewLayer.csproj", "{1F113E37-3528-4B34-A50D-01D794AF61B4}"
EndProject
Project("{FAE04EC0-301F-11D3-BF4B-00C04F79EFBC}") = "Test", "Test\Test.csproj", "{8E223D2A-B08A-40FF-89B1-ACED43AC9425}"
EndProject
Global
	GlobalSection(SolutionConfigurationPlatforms) = preSolution
		Debug|Any CPU = Debug|Any CPU
		Release|Any CPU = Release|Any CPU
	EndGlobalSection
	GlobalSection(ProjectConfigurationPlatforms) = postSolution
		{ED1D882F-ECF9-48A5-850B-37807F08302F}.Debug|Any CPU.ActiveCfg = Debug|Any CPU
		{ED1D882F-ECF9-48A5-850B-37807F08302F}.Debug|Any CPU.Build.0 = Debug|Any CPU
		{ED1D882F-ECF9-48A5-850B-37807F08302F}.Release|Any CPU.ActiveCfg = Release|Any CPU
		{ED1D882F-ECF9-48A5-850B-37807F08302F}.Release|Any CPU.Build.0 = Release|Any CPU
		{388DE351-4813-4020-B7B0-3E39ADF5B47D}.Debug|Any CPU.ActiveCfg = Debug|Any CPU
		{388DE351-4813-4020-B7B0-3E39ADF5B47D}.Debug|Any CPU.Build.0 = Debug|Any CPU
		{388DE351-4813-4020-B7B0-3E39ADF5B47D}.Release|Any CPU.ActiveCfg = Release|Any CPU
		{388DE351-4813-4020-B7B0-3E39ADF5B47D}.Release|Any CPU.Build.0 = Release|Any CPU
		{1F113E37-3528-4B34-A50D-01D794AF61B4}.Debug|Any CPU.ActiveCfg = Debug|Any CPU
		{1F113E37-3528-4B34-A50D-01D794AF61B4}.Debug|Any CPU.Build.0 = Debug|Any CPU
		{1F113E37-3528-4B34-A50D-01D794AF61B4}.Release|Any CPU.ActiveCfg = Release|Any CPU
		{1F113E37-3528-4B34-A50D-01D794AF61B4}.Release|Any CPU.Build.0 = Release|Any CPU
		{8E223D2A-B08A-40FF-89B1-ACED43AC9425}.Debug|Any CPU.ActiveCfg = Debug|Any CPU
		{8E223D2A-B08A-40FF-89B1-ACED43AC9425}.Debug|Any CPU.Build.0 = Debug|Any CPU
		{8E223D2A-B08A-40FF-89B1-ACED43AC9425}.Release|Any CPU.ActiveCfg = Release|Any CPU
		{8E223D2A-B08A-40FF-89B1-ACED43AC9425}.Release|Any CPU.Build.0 = Release|Any CPU
	EndGlobalSection
	GlobalSection(SolutionProperties) = preSolution
		HideSolutionNode = FALSE
	EndGlobalSection
	GlobalSection(ExtensibilityGlobals) = postSolution
		SolutionGuid = {E6163291-79A3-4F75-BCBB-82C7D63B9A94}
	EndGlobalSection
EndGlobal
